
Microsoft Visual Studio Solution File, Format Version 12.00
# Visual Studio 15
VisualStudioVersion = 15.0.27428.2043
MinimumVisualStudioVersion = 10.0.40219.1
Project("{8BC9CEB8-8B4A-11D0-8D11-00A0C91BC942}") = "Printing multiple lines with a single printf", "Printing multiple lines with a single printf.vcxproj", "{6606D84F-3B5F-485E-99AE-86BB512BDC21}"
EndProject
Global
	GlobalSection(SolutionConfigurationPlatforms) = preSolution
		Debug|x64 = Debug|x64
		Debug|x86 = Debug|x86
		Release|x64 = Release|x64
		Release|x86 = Release|x86
	EndGlobalSection
	GlobalSection(ProjectConfigurationPlatforms) = postSolution
		{6606D84F-3B5F-485E-99AE-86BB512BDC21}.Debug|x64.ActiveCfg = Debug|x64
		{6606D84F-3B5F-485E-99AE-86BB512BDC21}.Debug|x64.Build.0 = Debug|x64
		{6606D84F-3B5F-485E-99AE-86BB512BDC21}.Debug|x86.ActiveCfg = Debug|Win32
		{6606D84F-3B5F-485E-99AE-86BB512BDC21}.Debug|x86.Build.0 = Debug|Win32
		{6606D84F-3B5F-485E-99AE-86BB512BDC21}.Release|x64.ActiveCfg = Release|x64
		{6606D84F-3B5F-485E-99AE-86BB512BDC21}.Release|x64.Build.0 = Release|x64
		{6606D84F-3B5F-485E-99AE-86BB512BDC21}.Release|x86.ActiveCfg = Release|Win32
		{6606D84F-3B5F-485E-99AE-86BB512BDC21}.Release|x86.Build.0 = Release|Win32
	EndGlobalSection
	GlobalSection(SolutionProperties) = preSolution
		HideSolutionNode = FALSE
	EndGlobalSection
	GlobalSection(ExtensibilityGlobals) = postSolution
		SolutionGuid = {95227526-7604-4427-A960-23D63D2913CE}
	EndGlobalSection
EndGlobal
